{
  "name": "setup-sandcastle-queue-control-plane-dependencies",
  "version": "1.0.0",
  "lockfileVersion": 3,
  "requires": true,
  "packages": {
    "": {
      "name": "setup-sandcastle-queue-control-plane-dependencies",
      "version": "1.0.0",
      "dependencies": {
        "@anthropic-ai/claude-code": "2.1.217",
        "ajv": "8.20.0",
        "libsodium-wrappers": "0.8.4"
      }
    },
    "node_modules/@anthropic-ai/claude-code": {
      "version": "2.1.217",
      "resolved": "https://registry.npmjs.org/@anthropic-ai/claude-code/-/claude-code-2.1.217.tgz",
      "integrity": "sha512-EIcc3GmI7x+qPlKCjpcLIjCh7YOaCFbOqKfL4BmwZS6QmtduVNT5E98oyr8n2cxsgeWVbnQ0mSVljTw5C/kFtA==",
      "hasInstallScript": true,
      "license": "SEE LICENSE IN README.md",
      "bin": {
        "claude": "bin/claude.exe"
      },
      "engines": {
        "node": ">=22.0.0"
      },
      "optionalDependencies": {
        "@anthropic-ai/claude-code-darwin-arm64": "2.1.217",
        "@anthropic-ai/claude-code-darwin-x64": "2.1.217",
        "@anthropic-ai/claude-code-linux-arm64": "2.1.217",
        "@anthropic-ai/claude-code-linux-arm64-musl": "2.1.217",
        "@anthropic-ai/claude-code-linux-x64": "2.1.217",
        "@anthropic-ai/claude-code-linux-x64-musl": "2.1.217",
        "@anthropic-ai/claude-code-win32-arm64": "2.1.217",
        "@anthropic-ai/claude-code-win32-x64": "2.1.217"
      }
    },
    "node_modules/@anthropic-ai/claude-code-darwin-arm64": {
      "version": "2.1.217",
      "resolved": "https://registry.npmjs.org/@anthropic-ai/claude-code-darwin-arm64/-/claude-code-darwin-arm64-2.1.217.tgz",
      "integrity": "sha512-w1n/sitmcNyR0G8VzJ4j2RuNVd+K1oVO7YD69y2Je0kzTJ0XMhMXSe1DDd5i0Q93CabhftvRBo1Ja/ZEOvDALg==",
      "cpu": [
        "arm64"
      ],
      "license": "SEE LICENSE IN LICENSE.md",
      "optional": true,
      "os": [
        "darwin"
      ]
    },
    "node_modules/@anthropic-ai/claude-code-darwin-x64": {
      "version": "2.1.217",
      "resolved": "https://registry.npmjs.org/@anthropic-ai/claude-code-darwin-x64/-/claude-code-darwin-x64-2.1.217.tgz",
      "integrity": "sha512-aXEI06uRiJw5aeM1PWRo8iiSLAwbTp60cI8+A6UFY3MII9HCWauGcya8n9peSB83Qxz0i63hjVLpVrgt92cHAg==",
      "cpu": [
        "x64"
      ],
      "license": "SEE LICENSE IN LICENSE.md",
      "optional": true,
      "os": [
        "darwin"
      ]
    },
    "node_modules/@anthropic-ai/claude-code-linux-arm64": {
      "version": "2.1.217",
      "resolved": "https://registry.npmjs.org/@anthropic-ai/claude-code-linux-arm64/-/claude-code-linux-arm64-2.1.217.tgz",
      "integrity": "sha512-u0uRgmcZTL1vVQVvFbQ2GVjmmFQ+MhEGNrWaqm5xddqpVPE3RGVlm6wt1icMieV+wGdwCAzBNb89MeRM5giwzw==",
      "cpu": [
        "arm64"
      ],
      "license": "SEE LICENSE IN LICENSE.md",
      "optional": true,
      "os": [
        "linux"
      ]
    },
    "node_modules/@anthropic-ai/claude-code-linux-arm64-musl": {
      "version": "2.1.217",
      "resolved": "https://registry.npmjs.org/@anthropic-ai/claude-code-linux-arm64-musl/-/claude-code-linux-arm64-musl-2.1.217.tgz",
      "integrity": "sha512-gw/12P/vY0WIV9babBvk5M4c4J2BT3A09tX5KcGsqcnYf+wuYnOSmUFTVImb7OMlCDIBGPjCDmgfSUVs0pTGQg==",
      "cpu": [
        "arm64"
      ],
      "license": "SEE LICENSE IN LICENSE.md",
      "optional": true,
      "os": [
        "linux"
      ]
    },
    "node_modules/@anthropic-ai/claude-code-linux-x64": {
      "version": "2.1.217",
      "resolved": "https://registry.npmjs.org/@anthropic-ai/claude-code-linux-x64/-/claude-code-linux-x64-2.1.217.tgz",
      "integrity": "sha512-tZbghQ8V49xA2uWuooi5+ZkN1l9JMC6cVCKUFL95qevNgi9HmAB312IgsbKdJd733QvVkBDeHqrvMuihcdtLvg==",
      "cpu": [
        "x64"
      ],
      "license": "SEE LICENSE IN LICENSE.md",
      "optional": true,
      "os": [
        "linux"
      ]
    },
    "node_modules/@anthropic-ai/claude-code-linux-x64-musl": {
      "version": "2.1.217",
      "resolved": "https://registry.npmjs.org/@anthropic-ai/claude-code-linux-x64-musl/-/claude-code-linux-x64-musl-2.1.217.tgz",
      "integrity": "sha512-NRqy7DkptF+cPVwOu99JOo4E5KIFwY7XNfXefbPYUmJQEaZT6GakLaRY7KZnb7QCzV6G2ib40IU/IE4cpfzOdQ==",
      "cpu": [
        "x64"
      ],
      "license": "SEE LICENSE IN LICENSE.md",
      "optional": true,
      "os": [
        "linux"
      ]
    },
    "node_modules/@anthropic-ai/claude-code-win32-arm64": {
      "version": "2.1.217",
      "resolved": "https://registry.npmjs.org/@anthropic-ai/claude-code-win32-arm64/-/claude-code-win32-arm64-2.1.217.tgz",
      "integrity": "sha512-MNXUzpmAvcTw3q8k4mrAxmJTTPr72Kwz+USHaXNn9Dnuf00fzPRtpxAbvRoP8rmiAvaxkx1FhIDMrx9MTr3OEA==",
      "cpu": [
        "arm64"
      ],
      "license": "SEE LICENSE IN LICENSE.md",
      "optional": true,
      "os": [
        "win32"
      ]
    },
    "node_modules/@anthropic-ai/claude-code-win32-x64": {
      "version": "2.1.217",
      "resolved": "https://registry.npmjs.org/@anthropic-ai/claude-code-win32-x64/-/claude-code-win32-x64-2.1.217.tgz",
      "integrity": "sha512-NOopwp5bEXPR6TQiomDkRIKX1MQ24MzzTRUj6Oo7or2k4STB4qmCMHpYSJafllhv77HEQAWk4x+EVzp1hiHpVg==",
      "cpu": [
        "x64"
      ],
      "license": "SEE LICENSE IN LICENSE.md",
      "optional": true,
      "os": [
        "win32"
      ]
    },
    "node_modules/ajv": {
      "version": "8.20.0",
      "resolved": "https://registry.npmjs.org/ajv/-/ajv-8.20.0.tgz",
      "integrity": "sha512-Thbli+OlOj+iMPYFBVBfJ3OmCAnaSyNn4M1vz9T6Gka5Jt9ba/HIR56joy65tY6kx/FCF5VXNB819Y7/GUrBGA==",
      "license": "MIT",
      "dependencies": {
        "fast-deep-equal": "^3.1.3",
        "fast-uri": "^3.0.1",
        "json-schema-traverse": "^1.0.0",
        "require-from-string": "^2.0.2"
      },
      "funding": {
        "type": "github",
        "url": "https://github.com/sponsors/epoberezkin"
      }
    },
    "node_modules/fast-deep-equal": {
      "version": "3.1.3",
      "resolved": "https://registry.npmjs.org/fast-deep-equal/-/fast-deep-equal-3.1.3.tgz",
      "integrity": "sha512-f3qQ9oQy9j2AhBe/H9VC91wLmKBCCU/gDOnKNAYG5hswO7BLKj09Hc5HYNz9cGI++xlpDCIgDaitVs03ATR84Q==",
      "license": "MIT"
    },
    "node_modules/fast-uri": {
      "version": "3.1.4",
      "resolved": "https://registry.npmjs.org/fast-uri/-/fast-uri-3.1.4.tgz",
      "integrity": "sha512-8JnbkQ4juDyvYs4mgFGQqg4yCYtFDtUtmp2QIQq11ZZe5CFQ5wcqm1rqDgAh/QdMySuBnPzMUiJUNZG5N/AiQw==",
      "funding": [
        {
          "type": "github",
          "url": "https://github.com/sponsors/fastify"
        },
        {
          "type": "opencollective",
          "url": "https://opencollective.com/fastify"
        }
      ],
      "license": "BSD-3-Clause"
    },
    "node_modules/json-schema-traverse": {
      "version": "1.0.0",
      "resolved": "https://registry.npmjs.org/json-schema-traverse/-/json-schema-traverse-1.0.0.tgz",
      "integrity": "sha512-NM8/P9n3XjXhIZn1lLhkFaACTOURQXjWhV4BA/RnOv8xvgqtqpAX9IO4mRQxSx1Rlo4tqzeqb0sOlruaOy3dug==",
      "license": "MIT"
    },
    "node_modules/libsodium": {
      "version": "0.8.4",
      "resolved": "https://registry.npmjs.org/libsodium/-/libsodium-0.8.4.tgz",
      "integrity": "sha512-lMcYaRi0zcs7tarATsQUYC7rstliIXZuoq0c6zXSgNtSNtdvBgkSegjWhpMJAXzKX3SUSwIp7+zEsob+j3LuRw==",
      "license": "ISC"
    },
    "node_modules/libsodium-wrappers": {
      "version": "0.8.4",
      "resolved": "https://registry.npmjs.org/libsodium-wrappers/-/libsodium-wrappers-0.8.4.tgz",
      "integrity": "sha512-mu8aAWucZjTB5O/BtGXtW4e1agy7uHxNYG7zPthmmD1jU43LCDmSWZLN4JhflbdPXj3yDO4lxM1O9hLDgIOXDw==",
      "license": "ISC",
      "dependencies": {
        "libsodium": "^0.8.0"
      }
    },
    "node_modules/require-from-string": {
      "version": "2.0.2",
      "resolved": "https://registry.npmjs.org/require-from-string/-/require-from-string-2.0.2.tgz",
      "integrity": "sha512-Xf0nWe6RseziFMu+Ap9biiUbmplq6S9/p+7w7YXP/JBHhrUDDUhwa+vANyubuqfZWTveU//DYVGsDG7RKL/vEw==",
      "license": "MIT",
      "engines": {
        "node": ">=0.10.0"
      }
    }
  }
}
